
Microsoft Visual Studio Solution File, Format Version 12.00
# Visual Studio Version 16
VisualStudioVersion = 16.0.30907.101
MinimumVisualStudioVersion = 10.0.40219.1
Project("{9A19103F-16F7-4668-BE54-9A1E7A4F7556}") = "AboutString", "AboutString\AboutString.csproj", "{7E386BD2-A62E-4221-924C-A1C0E8858061}"
EndProject
Project("{9A19103F-16F7-4668-BE54-9A1E7A4F7556}") = "AboutStringTests", "AboutStringTests\AboutStringTests.csproj", "{17550D20-52D8-43B5-B141-D90B1152A1AF}"
EndProject
Project("{FAE04EC0-301F-11D3-BF4B-00C04F79EFBC}") = "StringAllocationApp", "StringAllocationApp\StringAllocationApp.csproj", "{CF266418-A221-425E-AB7B-87774F9114F3}"
EndProject
Global
	GlobalSection(SolutionConfigurationPlatforms) = preSolution
		Debug|Any CPU = Debug|Any CPU
		Release|Any CPU = Release|Any CPU
	EndGlobalSection
	GlobalSection(ProjectConfigurationPlatforms) = postSolution
		{7E386BD2-A62E-4221-924C-A1C0E8858061}.Debug|Any CPU.ActiveCfg = Debug|Any CPU
		{7E386BD2-A62E-4221-924C-A1C0E8858061}.Debug|Any CPU.Build.0 = Debug|Any CPU
		{7E386BD2-A62E-4221-924C-A1C0E8858061}.Release|Any CPU.ActiveCfg = Release|Any CPU
		{7E386BD2-A62E-4221-924C-A1C0E8858061}.Release|Any CPU.Build.0 = Release|Any CPU
		{17550D20-52D8-43B5-B141-D90B1152A1AF}.Debug|Any CPU.ActiveCfg = Debug|Any CPU
		{17550D20-52D8-43B5-B141-D90B1152A1AF}.Debug|Any CPU.Build.0 = Debug|Any CPU
		{17550D20-52D8-43B5-B141-D90B1152A1AF}.Release|Any CPU.ActiveCfg = Release|Any CPU
		{17550D20-52D8-43B5-B141-D90B1152A1AF}.Release|Any CPU.Build.0 = Release|Any CPU
		{CF266418-A221-425E-AB7B-87774F9114F3}.Debug|Any CPU.ActiveCfg = Debug|Any CPU
		{CF266418-A221-425E-AB7B-87774F9114F3}.Debug|Any CPU.Build.0 = Debug|Any CPU
		{CF266418-A221-425E-AB7B-87774F9114F3}.Release|Any CPU.ActiveCfg = Release|Any CPU
		{CF266418-A221-425E-AB7B-87774F9114F3}.Release|Any CPU.Build.0 = Release|Any CPU
	EndGlobalSection
	GlobalSection(SolutionProperties) = preSolution
		HideSolutionNode = FALSE
	EndGlobalSection
	GlobalSection(ExtensibilityGlobals) = postSolution
		SolutionGuid = {89C6B31B-10D3-4D3C-9E00-929E57D7AA71}
	EndGlobalSection
EndGlobal
